
Microsoft Visual Studio Solution File, Format Version 12.00
# Visual Studio Version 17
VisualStudioVersion = 17.4.33110.190
MinimumVisualStudioVersion = 10.0.40219.1
Project("{FAE04EC0-301F-11D3-BF4B-00C04F79EFBC}") = "MecanicaGeral", "MecanicaGeral\MecanicaGeral.csproj", "{66BFF63A-183D-4098-9C36-B6D5ED7286F5}"
EndProject
Global
	GlobalSection(SolutionConfigurationPlatforms) = preSolution
		Debug|Any CPU = Debug|Any CPU
		Release|Any CPU = Release|Any CPU
	EndGlobalSection
	GlobalSection(ProjectConfigurationPlatforms) = postSolution
		{66BFF63A-183D-4098-9C36-B6D5ED7286F5}.Debug|Any CPU.ActiveCfg = Debug|Any CPU
		{66BFF63A-183D-4098-9C36-B6D5ED7286F5}.Debug|Any CPU.Build.0 = Debug|Any CPU
		{66BFF63A-183D-4098-9C36-B6D5ED7286F5}.Release|Any CPU.ActiveCfg = Release|Any CPU
		{66BFF63A-183D-4098-9C36-B6D5ED7286F5}.Release|Any CPU.Build.0 = Release|Any CPU
	EndGlobalSection
	GlobalSection(SolutionProperties) = preSolution
		HideSolutionNode = FALSE
	EndGlobalSection
	GlobalSection(ExtensibilityGlobals) = postSolution
		SolutionGuid = {2F1AB86B-E1A8-48F6-83E0-0FE2DE624AB5}
	EndGlobalSection
EndGlobal
